// !$*UTF8*$!
{
	archiveVersion = 1;
	classes = {
	};
	objectVersion = 46;
	objects = {

/* Begin PBXBuildFile section */
		872485FA1DD4FAB20008BCDA /* ServerManagerWindow.m in Sources */ = {isa = PBXBuildFile; fileRef = 872485F81DD4FAB20008BCDA /* ServerManagerWindow.m */; };
		872485FB1DD4FAB20008BCDA /* ServerManagerWindow.xib in Resources */ = {isa = PBXBuildFile; fileRef = 872485F91DD4FAB20008BCDA /* ServerManagerWindow.xib */; };
		8786C5E01DDE8FB800F9DCE6 /* 0.gif in Resources */ = {isa = PBXBuildFile; fileRef = 8786C5B21DDE8FB800F9DCE6 /* 0.gif */; };
		8786C5E11DDE8FB800F9DCE6 /* 1.gif in Resources */ = {isa = PBXBuildFile; fileRef = 8786C5B31DDE8FB800F9DCE6 /* 1.gif */; };
		8786C5E21DDE8FB800F9DCE6 /* 10.gif in Resources */ = {isa = PBXBuildFile; fileRef = 8786C5B41DDE8FB800F9DCE6 /* 10.gif */; };
		8786C5E31DDE8FB800F9DCE6 /* 11.gif in Resources */ = {isa = PBXBuildFile; fileRef = 8786C5B51DDE8FB800F9DCE6 /* 11.gif */; };
		8786C5E41DDE8FB800F9DCE6 /* 12.gif in Resources */ = {isa = PBXBuildFile; fileRef = 8786C5B61DDE8FB800F9DCE6 /* 12.gif */; };
		8786C5E51DDE8FB800F9DCE6 /* 13.gif in Resources */ = {isa = PBXBuildFile; fileRef = 8786C5B71DDE8FB800F9DCE6 /* 13.gif */; };
		8786C5E61DDE8FB800F9DCE6 /* 14.gif in Resources */ = {isa = PBXBuildFile; fileRef = 8786C5B81DDE8FB800F9DCE6 /* 14.gif */; };
		8786C5E71DDE8FB800F9DCE6 /* 15.gif in Resources */ = {isa = PBXBuildFile; fileRef = 8786C5B91DDE8FB800F9DCE6 /* 15.gif */; };
		8786C5E81DDE8FB800F9DCE6 /* 16.gif in Resources */ = {isa = PBXBuildFile; fileRef = 8786C5BA1DDE8FB800F9DCE6 /* 16.gif */; };
		8786C5E91DDE8FB800F9DCE6 /* 17.gif in Resources */ = {isa = PBXBuildFile; fileRef = 8786C5BB1DDE8FB800F9DCE6 /* 17.gif */; };
		8786C5EA1DDE8FB800F9DCE6 /* 18.gif in Resources */ = {isa = PBXBuildFile; fileRef = 8786C5BC1DDE8FB800F9DCE6 /* 18.gif */; };
		8786C5EB1DDE8FB800F9DCE6 /* 19.gif in Resources */ = {isa = PBXBuildFile; fileRef = 8786C5BD1DDE8FB800F9DCE6 /* 19.gif */; };
		8786C5EC1DDE8FB800F9DCE6 /* 2.gif in Resources */ = {isa = PBXBuildFile; fileRef = 8786C5BE1DDE8FB800F9DCE6 /* 2.gif */; };
		8786C5ED1DDE8FB800F9DCE6 /* 20.gif in Resources */ = {isa = PBXBuildFile; fileRef = 8786C5BF1DDE8FB800F9DCE6 /* 20.gif */; };
		8786C5EE1DDE8FB800F9DCE6 /* 21.gif in Resources */ = {isa = PBXBuildFile; fileRef = 8786C5C01DDE8FB800F9DCE6 /* 21.gif */; };
		8786C5EF1DDE8FB800F9DCE6 /* 22.gif in Resources */ = {isa = PBXBuildFile; fileRef = 8786C5C11DDE8FB800F9DCE6 /* 22.gif */; };
		8786C5F01DDE8FB800F9DCE6 /* 23.gif in Resources */ = {isa = PBXBuildFile; fileRef = 8786C5C21DDE8FB800F9DCE6 /* 23.gif */; };
		8786C5F11DDE8FB800F9DCE6 /* 24.gif in Resources */ = {isa = PBXBuildFile; fileRef = 8786C5C31DDE8FB800F9DCE6 /* 24.gif */; };
		8786C5F21DDE8FB800F9DCE6 /* 25.gif in Resources */ = {isa = PBXBuildFile; fileRef = 8786C5C41DDE8FB800F9DCE6 /* 25.gif */; };
		8786C5F31DDE8FB800F9DCE6 /* 26.gif in Resources */ = {isa = PBXBuildFile; fileRef = 8786C5C51DDE8FB800F9DCE6 /* 26.gif */; };
		8786C5F41DDE8FB800F9DCE6 /* 27.gif in Resources */ = {isa = PBXBuildFile; fileRef = 8786C5C61DDE8FB800F9DCE6 /* 27.gif */; };
		8786C5F51DDE8FB800F9DCE6 /* 28.gif in Resources */ = {isa = PBXBuildFile; fileRef = 8786C5C71DDE8FB800F9DCE6 /* 28.gif */; };
		8786C5F61DDE8FB800F9DCE6 /* 29.gif in Resources */ = {isa = PBXBuildFile; fileRef = 8786C5C81DDE8FB800F9DCE6 /* 29.gif */; };
		8786C5F71DDE8FB800F9DCE6 /* 3.gif in Resources */ = {isa = PBXBuildFile; fileRef = 8786C5C91DDE8FB800F9DCE6 /* 3.gif */; };
		8786C5F81DDE8FB800F9DCE6 /* 30.gif in Resources */ = {isa = PBXBuildFile; fileRef = 8786C5CA1DDE8FB800F9DCE6 /* 30.gif */; };
		8786C5F91DDE8FB800F9DCE6 /* 31.gif in Resources */ = {isa = PBXBuildFile; fileRef = 8786C5CB1DDE8FB800F9DCE6 /* 31.gif */; };
		8786C5FA1DDE8FB800F9DCE6 /* 32.gif in Resources */ = {isa = PBXBuildFile; fileRef = 8786C5CC1DDE8FB800F9DCE6 /* 32.gif */; };
		8786C5FB1DDE8FB800F9DCE6 /* 33.gif in Resources */ = {isa = PBXBuildFile; fileRef = 8786C5CD1DDE8FB800F9DCE6 /* 33.gif */; };
		8786C5FC1DDE8FB800F9DCE6 /* 34.gif in Resources */ = {isa = PBXBuildFile; fileRef = 8786C5CE1DDE8FB800F9DCE6 /* 34.gif */; };
		8786C5FD1DDE8FB800F9DCE6 /* 35.gif in Resources */ = {isa = PBXBuildFile; fileRef = 8786C5CF1DDE8FB800F9DCE6 /* 35.gif */; };
		8786C5FE1DDE8FB800F9DCE6 /* 36.gif in Resources */ = {isa = PBXBuildFile; fileRef = 8786C5D01DDE8FB800F9DCE6 /* 36.gif */; };
		8786C5FF1DDE8FB800F9DCE6 /* 37.gif in Resources */ = {isa = PBXBuildFile; fileRef = 8786C5D11DDE8FB800F9DCE6 /* 37.gif */; };
		8786C6001DDE8FB800F9DCE6 /* 38.gif in Resources */ = {isa = PBXBuildFile; fileRef = 8786C5D21DDE8FB800F9DCE6 /* 38.gif */; };
		8786C6011DDE8FB800F9DCE6 /* 39.gif in Resources */ = {isa = PBXBuildFile; fileRef = 8786C5D31DDE8FB800F9DCE6 /* 39.gif */; };
		8786C6021DDE8FB800F9DCE6 /* 4.gif in Resources */ = {isa = PBXBuildFile; fileRef = 8786C5D41DDE8FB800F9DCE6 /* 4.gif */; };
		8786C6031DDE8FB800F9DCE6 /* 40.gif in Resources */ = {isa = PBXBuildFile; fileRef = 8786C5D51DDE8FB800F9DCE6 /* 40.gif */; };
		8786C6041DDE8FB800F9DCE6 /* 41.gif in Resources */ = {isa = PBXBuildFile; fileRef = 8786C5D61DDE8FB800F9DCE6 /* 41.gif */; };
		8786C6051DDE8FB800F9DCE6 /* 42.gif in Resources */ = {isa = PBXBuildFile; fileRef = 8786C5D71DDE8FB800F9DCE6 /* 42.gif */; };
		8786C6061DDE8FB800F9DCE6 /* 43.gif in Resources */ = {isa = PBXBuildFile; fileRef = 8786C5D81DDE8FB800F9DCE6 /* 43.gif */; };
		8786C6071DDE8FB800F9DCE6 /* 44.gif in Resources */ = {isa = PBXBuildFile; fileRef = 8786C5D91DDE8FB800F9DCE6 /* 44.gif */; };
		8786C6081DDE8FB800F9DCE6 /* 45.gif in Resources */ = {isa = PBXBuildFile; fileRef = 8786C5DA1DDE8FB800F9DCE6 /* 45.gif */; };
		8786C6091DDE8FB800F9DCE6 /* 5.gif in Resources */ = {isa = PBXBuildFile; fileRef = 8786C5DB1DDE8FB800F9DCE6 /* 5.gif */; };
		8786C60A1DDE8FB800F9DCE6 /* 6.gif in Resources */ = {isa = PBXBuildFile; fileRef = 8786C5DC1DDE8FB800F9DCE6 /* 6.gif */; };
		8786C60B1DDE8FB800F9DCE6 /* 7.gif in Resources */ = {isa = PBXBuildFile; fileRef = 8786C5DD1DDE8FB800F9DCE6 /* 7.gif */; };
		8786C60C1DDE8FB800F9DCE6 /* 8.gif in Resources */ = {isa = PBXBuildFile; fileRef = 8786C5DE1DDE8FB800F9DCE6 /* 8.gif */; };
		8786C60D1DDE8FB800F9DCE6 /* 9.gif in Resources */ = {isa = PBXBuildFile; fileRef = 8786C5DF1DDE8FB800F9DCE6 /* 9.gif */; };
		878E900F1DD56016002222C0 /* GSStartup.m in Sources */ = {isa = PBXBuildFile; fileRef = 878E900E1DD56016002222C0 /* GSStartup.m */; };
		878E90181DD574B5002222C0 /* nas-16.png in Resources */ = {isa = PBXBuildFile; fileRef = 878E90171DD574B5002222C0 /* nas-16.png */; };
		878E901A1DD57575002222C0 /* Media.xcassets in Resources */ = {isa = PBXBuildFile; fileRef = 878E90191DD57574002222C0 /* Media.xcassets */; };
		8798007E1DD4D29300AC24A1 /* Cocoa.framework in Frameworks */ = {isa = PBXBuildFile; fileRef = 8798007D1DD4D29300AC24A1 /* Cocoa.framework */; };
		879800881DD4D29300AC24A1 /* InfoPlist.strings in Resources */ = {isa = PBXBuildFile; fileRef = 879800861DD4D29300AC24A1 /* InfoPlist.strings */; };
		8798008A1DD4D29300AC24A1 /* main.m in Sources */ = {isa = PBXBuildFile; fileRef = 879800891DD4D29300AC24A1 /* main.m */; };
		8798008E1DD4D29300AC24A1 /* Credits.rtf in Resources */ = {isa = PBXBuildFile; fileRef = 8798008C1DD4D29300AC24A1 /* Credits.rtf */; };
		879800911DD4D29300AC24A1 /* AppDelegate.m in Sources */ = {isa = PBXBuildFile; fileRef = 879800901DD4D29300AC24A1 /* AppDelegate.m */; };
		879800941DD4D29300AC24A1 /* MainMenu.xib in Resources */ = {isa = PBXBuildFile; fileRef = 879800921DD4D29300AC24A1 /* MainMenu.xib */; };
		879800961DD4D29300AC24A1 /* Images.xcassets in Resources */ = {isa = PBXBuildFile; fileRef = 879800951DD4D29300AC24A1 /* Images.xcassets */; };
		8798009D1DD4D29300AC24A1 /* XCTest.framework in Frameworks */ = {isa = PBXBuildFile; fileRef = 8798009C1DD4D29300AC24A1 /* XCTest.framework */; };
		8798009E1DD4D29300AC24A1 /* Cocoa.framework in Frameworks */ = {isa = PBXBuildFile; fileRef = 8798007D1DD4D29300AC24A1 /* Cocoa.framework */; };
		879800A61DD4D29300AC24A1 /* InfoPlist.strings in Resources */ = {isa = PBXBuildFile; fileRef = 879800A41DD4D29300AC24A1 /* InfoPlist.strings */; };
		879800A81DD4D29300AC24A1 /* QuickNasTests.m in Sources */ = {isa = PBXBuildFile; fileRef = 879800A71DD4D29300AC24A1 /* QuickNasTests.m */; };
		879800BA1DD4D97500AC24A1 /* Server.m in Sources */ = {isa = PBXBuildFile; fileRef = 879800B91DD4D97400AC24A1 /* Server.m */; };
		879800BD1DD4D99A00AC24A1 /* ServerManager.m in Sources */ = {isa = PBXBuildFile; fileRef = 879800BC1DD4D99A00AC24A1 /* ServerManager.m */; };
/* End PBXBuildFile section */

/* Begin PBXContainerItemProxy section */
		8798009F1DD4D29300AC24A1 /* PBXContainerItemProxy */ = {
			isa = PBXContainerItemProxy;
			containerPortal = 879800721DD4D29300AC24A1 /* Project object */;
			proxyType = 1;
			remoteGlobalIDString = 879800791DD4D29300AC24A1;
			remoteInfo = QuickNas;
		};
/* End PBXContainerItemProxy section */

/* Begin PBXFileReference section */
		872485F71DD4FAB20008BCDA /* ServerManagerWindow.h */ = {isa = PBXFileReference; fileEncoding = 4; lastKnownFileType = sourcecode.c.h; path = ServerManagerWindow.h; sourceTree = "<group>"; };
		872485F81DD4FAB20008BCDA /* ServerManagerWindow.m */ = {isa = PBXFileReference; fileEncoding = 4; lastKnownFileType = sourcecode.c.objc; path = ServerManagerWindow.m; sourceTree = "<group>"; };
		872485F91DD4FAB20008BCDA /* ServerManagerWindow.xib */ = {isa = PBXFileReference; fileEncoding = 4; lastKnownFileType = file.xib; path = ServerManagerWindow.xib; sourceTree = "<group>"; };
		8786C5B21DDE8FB800F9DCE6 /* 0.gif */ = {isa = PBXFileReference; lastKnownFileType = image.gif; path = 0.gif; sourceTree = "<group>"; };
		8786C5B31DDE8FB800F9DCE6 /* 1.gif */ = {isa = PBXFileReference; lastKnownFileType = image.gif; path = 1.gif; sourceTree = "<group>"; };
		8786C5B41DDE8FB800F9DCE6 /* 10.gif */ = {isa = PBXFileReference; lastKnownFileType = image.gif; path = 10.gif; sourceTree = "<group>"; };
		8786C5B51DDE8FB800F9DCE6 /* 11.gif */ = {isa = PBXFileReference; lastKnownFileType = image.gif; path = 11.gif; sourceTree = "<group>"; };
		8786C5B61DDE8FB800F9DCE6 /* 12.gif */ = {isa = PBXFileReference; lastKnownFileType = image.gif; path = 12.gif; sourceTree = "<group>"; };
		8786C5B71DDE8FB800F9DCE6 /* 13.gif */ = {isa = PBXFileReference; lastKnownFileType = image.gif; path = 13.gif; sourceTree = "<group>"; };
		8786C5B81DDE8FB800F9DCE6 /* 14.gif */ = {isa = PBXFileReference; lastKnownFileType = image.gif; path = 14.gif; sourceTree = "<group>"; };
		8786C5B91DDE8FB800F9DCE6 /* 15.gif */ = {isa = PBXFileReference; lastKnownFileType = image.gif; path = 15.gif; sourceTree = "<group>"; };
		8786C5BA1DDE8FB800F9DCE6 /* 16.gif */ = {isa = PBXFileReference; lastKnownFileType = image.gif; path = 16.gif; sourceTree = "<group>"; };
		8786C5BB1DDE8FB800F9DCE6 /* 17.gif */ = {isa = PBXFileReference; lastKnownFileType = image.gif; path = 17.gif; sourceTree = "<group>"; };
		8786C5BC1DDE8FB800F9DCE6 /* 18.gif */ = {isa = PBXFileReference; lastKnownFileType = image.gif; path = 18.gif; sourceTree = "<group>"; };
		8786C5BD1DDE8FB800F9DCE6 /* 19.gif */ = {isa = PBXFileReference; lastKnownFileType = image.gif; path = 19.gif; sourceTree = "<group>"; };
		8786C5BE1DDE8FB800F9DCE6 /* 2.gif */ = {isa = PBXFileReference; lastKnownFileType = image.gif; path = 2.gif; sourceTree = "<group>"; };
		8786C5BF1DDE8FB800F9DCE6 /* 20.gif */ = {isa = PBXFileReference; lastKnownFileType = image.gif; path = 20.gif; sourceTree = "<group>"; };
		8786C5C01DDE8FB800F9DCE6 /* 21.gif */ = {isa = PBXFileReference; lastKnownFileType = image.gif; path = 21.gif; sourceTree = "<group>"; };
		8786C5C11DDE8FB800F9DCE6 /* 22.gif */ = {isa = PBXFileReference; lastKnownFileType = image.gif; path = 22.gif; sourceTree = "<group>"; };
		8786C5C21DDE8FB800F9DCE6 /* 23.gif */ = {isa = PBXFileReference; lastKnownFileType = image.gif; path = 23.gif; sourceTree = "<group>"; };
		8786C5C31DDE8FB800F9DCE6 /* 24.gif */ = {isa = PBXFileReference; lastKnownFileType = image.gif; path = 24.gif; sourceTree = "<group>"; };
		8786C5C41DDE8FB800F9DCE6 /* 25.gif */ = {isa = PBXFileReference; lastKnownFileType = image.gif; path = 25.gif; sourceTree = "<group>"; };
		8786C5C51DDE8FB800F9DCE6 /* 26.gif */ = {isa = PBXFileReference; lastKnownFileType = image.gif; path = 26.gif; sourceTree = "<group>"; };
		8786C5C61DDE8FB800F9DCE6 /* 27.gif */ = {isa = PBXFileReference; lastKnownFileType = image.gif; path = 27.gif; sourceTree = "<group>"; };
		8786C5C71DDE8FB800F9DCE6 /* 28.gif */ = {isa = PBXFileReference; lastKnownFileType = image.gif; path = 28.gif; sourceTree = "<group>"; };
		8786C5C81DDE8FB800F9DCE6 /* 29.gif */ = {isa = PBXFileReference; lastKnownFileType = image.gif; path = 29.gif; sourceTree = "<group>"; };
		8786C5C91DDE8FB800F9DCE6 /* 3.gif */ = {isa = PBXFileReference; lastKnownFileType = image.gif; path = 3.gif; sourceTree = "<group>"; };
		8786C5CA1DDE8FB800F9DCE6 /* 30.gif */ = {isa = PBXFileReference; lastKnownFileType = image.gif; path = 30.gif; sourceTree = "<group>"; };
		8786C5CB1DDE8FB800F9DCE6 /* 31.gif */ = {isa = PBXFileReference; lastKnownFileType = image.gif; path = 31.gif; sourceTree = "<group>"; };
		8786C5CC1DDE8FB800F9DCE6 /* 32.gif */ = {isa = PBXFileReference; lastKnownFileType = image.gif; path = 32.gif; sourceTree = "<group>"; };
		8786C5CD1DDE8FB800F9DCE6 /* 33.gif */ = {isa = PBXFileReference; lastKnownFileType = image.gif; path = 33.gif; sourceTree = "<group>"; };
		8786C5CE1DDE8FB800F9DCE6 /* 34.gif */ = {isa = PBXFileReference; lastKnownFileType = image.gif; path = 34.gif; sourceTree = "<group>"; };
		8786C5CF1DDE8FB800F9DCE6 /* 35.gif */ = {isa = PBXFileReference; lastKnownFileType = image.gif; path = 35.gif; sourceTree = "<group>"; };
		8786C5D01DDE8FB800F9DCE6 /* 36.gif */ = {isa = PBXFileReference; lastKnownFileType = image.gif; path = 36.gif; sourceTree = "<group>"; };
		8786C5D11DDE8FB800F9DCE6 /* 37.gif */ = {isa = PBXFileReference; lastKnownFileType = image.gif; path = 37.gif; sourceTree = "<group>"; };
		8786C5D21DDE8FB800F9DCE6 /* 38.gif */ = {isa = PBXFileReference; lastKnownFileType = image.gif; path = 38.gif; sourceTree = "<group>"; };
		8786C5D31DDE8FB800F9DCE6 /* 39.gif */ = {isa = PBXFileReference; lastKnownFileType = image.gif; path = 39.gif; sourceTree = "<group>"; };
		8786C5D41DDE8FB800F9DCE6 /* 4.gif */ = {isa = PBXFileReference; lastKnownFileType = image.gif; path = 4.gif; sourceTree = "<group>"; };
		8786C5D51DDE8FB800F9DCE6 /* 40.gif */ = {isa = PBXFileReference; lastKnownFileType = image.gif; path = 40.gif; sourceTree = "<group>"; };
		8786C5D61DDE8FB800F9DCE6 /* 41.gif */ = {isa = PBXFileReference; lastKnownFileType = image.gif; path = 41.gif; sourceTree = "<group>"; };
		8786C5D71DDE8FB800F9DCE6 /* 42.gif */ = {isa = PBXFileReference; lastKnownFileType = image.gif; path = 42.gif; sourceTree = "<group>"; };
		8786C5D81DDE8FB800F9DCE6 /* 43.gif */ = {isa = PBXFileReference; lastKnownFileType = image.gif; path = 43.gif; sourceTree = "<group>"; };
		8786C5D91DDE8FB800F9DCE6 /* 44.gif */ = {isa = PBXFileReference; lastKnownFileType = image.gif; path = 44.gif; sourceTree = "<group>"; };
		8786C5DA1DDE8FB800F9DCE6 /* 45.gif */ = {isa = PBXFileReference; lastKnownFileType = image.gif; path = 45.gif; sourceTree = "<group>"; };
		8786C5DB1DDE8FB800F9DCE6 /* 5.gif */ = {isa = PBXFileReference; lastKnownFileType = image.gif; path = 5.gif; sourceTree = "<group>"; };
		8786C5DC1DDE8FB800F9DCE6 /* 6.gif */ = {isa = PBXFileReference; lastKnownFileType = image.gif; path = 6.gif; sourceTree = "<group>"; };
		8786C5DD1DDE8FB800F9DCE6 /* 7.gif */ = {isa = PBXFileReference; lastKnownFileType = image.gif; path = 7.gif; sourceTree = "<group>"; };
		8786C5DE1DDE8FB800F9DCE6 /* 8.gif */ = {isa = PBXFileReference; lastKnownFileType = image.gif; path = 8.gif; sourceTree = "<group>"; };
		8786C5DF1DDE8FB800F9DCE6 /* 9.gif */ = {isa = PBXFileReference; lastKnownFileType = image.gif; path = 9.gif; sourceTree = "<group>"; };
		878E900D1DD56016002222C0 /* GSStartup.h */ = {isa = PBXFileReference; fileEncoding = 4; lastKnownFileType = sourcecode.c.h; path = GSStartup.h; sourceTree = "<group>"; };
		878E900E1DD56016002222C0 /* GSStartup.m */ = {isa = PBXFileReference; fileEncoding = 4; lastKnownFileType = sourcecode.c.objc; path = GSStartup.m; sourceTree = "<group>"; };
		878E90171DD574B5002222C0 /* nas-16.png */ = {isa = PBXFileReference; lastKnownFileType = image.png; path = "nas-16.png"; sourceTree = "<group>"; };
		878E90191DD57574002222C0 /* Media.xcassets */ = {isa = PBXFileReference; lastKnownFileType = folder.assetcatalog; path = Media.xcassets; sourceTree = "<group>"; };
		8798007A1DD4D29300AC24A1 /* QuickNas.app */ = {isa = PBXFileReference; explicitFileType = wrapper.application; includeInIndex = 0; path = QuickNas.app; sourceTree = BUILT_PRODUCTS_DIR; };
		8798007D1DD4D29300AC24A1 /* Cocoa.framework */ = {isa = PBXFileReference; lastKnownFileType = wrapper.framework; name = Cocoa.framework; path = System/Library/Frameworks/Cocoa.framework; sourceTree = SDKROOT; };
		879800801DD4D29300AC24A1 /* AppKit.framework */ = {isa = PBXFileReference; lastKnownFileType = wrapper.framework; name = AppKit.framework; path = System/Library/Frameworks/AppKit.framework; sourceTree = SDKROOT; };
		879800811DD4D29300AC24A1 /* CoreData.framework */ = {isa = PBXFileReference; lastKnownFileType = wrapper.framework; name = CoreData.framework; path = System/Library/Frameworks/CoreData.framework; sourceTree = SDKROOT; };
		879800821DD4D29300AC24A1 /* Foundation.framework */ = {isa = PBXFileReference; lastKnownFileType = wrapper.framework; name = Foundation.framework; path = System/Library/Frameworks/Foundation.framework; sourceTree = SDKROOT; };
		879800851DD4D29300AC24A1 /* QuickNas-Info.plist */ = {isa = PBXFileReference; lastKnownFileType = text.plist.xml; path = "QuickNas-Info.plist"; sourceTree = "<group>"; };
		879800871DD4D29300AC24A1 /* en */ = {isa = PBXFileReference; lastKnownFileType = text.plist.strings; name = en; path = en.lproj/InfoPlist.strings; sourceTree = "<group>"; };
		879800891DD4D29300AC24A1 /* main.m */ = {isa = PBXFileReference; lastKnownFileType = sourcecode.c.objc; path = main.m; sourceTree = "<group>"; };
		8798008B1DD4D29300AC24A1 /* QuickNas-Prefix.pch */ = {isa = PBXFileReference; lastKnownFileType = sourcecode.c.h; path = "QuickNas-Prefix.pch"; sourceTree = "<group>"; };
		8798008D1DD4D29300AC24A1 /* en */ = {isa = PBXFileReference; lastKnownFileType = text.rtf; name = en; path = en.lproj/Credits.rtf; sourceTree = "<group>"; };
		8798008F1DD4D29300AC24A1 /* AppDelegate.h */ = {isa = PBXFileReference; lastKnownFileType = sourcecode.c.h; path = AppDelegate.h; sourceTree = "<group>"; };
		879800901DD4D29300AC24A1 /* AppDelegate.m */ = {isa = PBXFileReference; lastKnownFileType = sourcecode.c.objc; path = AppDelegate.m; sourceTree = "<group>"; };
		879800931DD4D29300AC24A1 /* Base */ = {isa = PBXFileReference; lastKnownFileType = file.xib; name = Base; path = Base.lproj/MainMenu.xib; sourceTree = "<group>"; };
		879800951DD4D29300AC24A1 /* Images.xcassets */ = {isa = PBXFileReference; lastKnownFileType = folder.assetcatalog; path = Images.xcassets; sourceTree = "<group>"; };
		8798009B1DD4D29300AC24A1 /* QuickNasTests.xctest */ = {isa = PBXFileReference; explicitFileType = wrapper.cfbundle; includeInIndex = 0; path = QuickNasTests.xctest; sourceTree = BUILT_PRODUCTS_DIR; };
		8798009C1DD4D29300AC24A1 /* XCTest.framework */ = {isa = PBXFileReference; lastKnownFileType = wrapper.framework; name = XCTest.framework; path = Library/Frameworks/XCTest.framework; sourceTree = DEVELOPER_DIR; };
		879800A31DD4D29300AC24A1 /* QuickNasTests-Info.plist */ = {isa = PBXFileReference; lastKnownFileType = text.plist.xml; path = "QuickNasTests-Info.plist"; sourceTree = "<group>"; };
		879800A51DD4D29300AC24A1 /* en */ = {isa = PBXFileReference; lastKnownFileType = text.plist.strings; name = en; path = en.lproj/InfoPlist.strings; sourceTree = "<group>"; };
		879800A71DD4D29300AC24A1 /* QuickNasTests.m */ = {isa = PBXFileReference; lastKnownFileType = sourcecode.c.objc; path = QuickNasTests.m; sourceTree = "<group>"; };
		879800B81DD4D97400AC24A1 /* Server.h */ = {isa = PBXFileReference; fileEncoding = 4; lastKnownFileType = sourcecode.c.h; path = Server.h; sourceTree = "<group>"; };
		879800B91DD4D97400AC24A1 /* Server.m */ = {isa = PBXFileReference; fileEncoding = 4; lastKnownFileType = sourcecode.c.objc; path = Server.m; sourceTree = "<group>"; };
		879800BB1DD4D99A00AC24A1 /* ServerManager.h */ = {isa = PBXFileReference; fileEncoding = 4; lastKnownFileType = sourcecode.c.h; path = ServerManager.h; sourceTree = "<group>"; };
		879800BC1DD4D99A00AC24A1 /* ServerManager.m */ = {isa = PBXFileReference; fileEncoding = 4; lastKnownFileType = sourcecode.c.objc; path = ServerManager.m; sourceTree = "<group>"; };
/* End PBXFileReference section */

/* Begin PBXFrameworksBuildPhase section */
		879800771DD4D29300AC24A1 /* Frameworks */ = {
			isa = PBXFrameworksBuildPhase;
			buildActionMask = 2147483647;
			files = (
				8798007E1DD4D29300AC24A1 /* Cocoa.framework in Frameworks */,
			);
			runOnlyForDeploymentPostprocessing = 0;
		};
		879800981DD4D29300AC24A1 /* Frameworks */ = {
			isa = PBXFrameworksBuildPhase;
			buildActionMask = 2147483647;
			files = (
				8798009E1DD4D29300AC24A1 /* Cocoa.framework in Frameworks */,
				8798009D1DD4D29300AC24A1 /* XCTest.framework in Frameworks */,
			);
			runOnlyForDeploymentPostprocessing = 0;
		};
/* End PBXFrameworksBuildPhase section */

/* Begin PBXGroup section */
		872485F61DD4FA100008BCDA /* WindowControllers */ = {
			isa = PBXGroup;
			children = (
				8798008F1DD4D29300AC24A1 /* AppDelegate.h */,
				879800901DD4D29300AC24A1 /* AppDelegate.m */,
				879800921DD4D29300AC24A1 /* MainMenu.xib */,
				872485F71DD4FAB20008BCDA /* ServerManagerWindow.h */,
				872485F81DD4FAB20008BCDA /* ServerManagerWindow.m */,
				872485F91DD4FAB20008BCDA /* ServerManagerWindow.xib */,
			);
			name = WindowControllers;
			sourceTree = "<group>";
		};
		8786C5B11DDE8FB800F9DCE6 /* animation */ = {
			isa = PBXGroup;
			children = (
				8786C5B21DDE8FB800F9DCE6 /* 0.gif */,
				8786C5B31DDE8FB800F9DCE6 /* 1.gif */,
				8786C5B41DDE8FB800F9DCE6 /* 10.gif */,
				8786C5B51DDE8FB800F9DCE6 /* 11.gif */,
				8786C5B61DDE8FB800F9DCE6 /* 12.gif */,
				8786C5B71DDE8FB800F9DCE6 /* 13.gif */,
				8786C5B81DDE8FB800F9DCE6 /* 14.gif */,
				8786C5B91DDE8FB800F9DCE6 /* 15.gif */,
				8786C5BA1DDE8FB800F9DCE6 /* 16.gif */,
				8786C5BB1DDE8FB800F9DCE6 /* 17.gif */,
				8786C5BC1DDE8FB800F9DCE6 /* 18.gif */,
				8786C5BD1DDE8FB800F9DCE6 /* 19.gif */,
				8786C5BE1DDE8FB800F9DCE6 /* 2.gif */,
				8786C5BF1DDE8FB800F9DCE6 /* 20.gif */,
				8786C5C01DDE8FB800F9DCE6 /* 21.gif */,
				8786C5C11DDE8FB800F9DCE6 /* 22.gif */,
				8786C5C21DDE8FB800F9DCE6 /* 23.gif */,
				8786C5C31DDE8FB800F9DCE6 /* 24.gif */,
				8786C5C41DDE8FB800F9DCE6 /* 25.gif */,
				8786C5C51DDE8FB800F9DCE6 /* 26.gif */,
				8786C5C61DDE8FB800F9DCE6 /* 27.gif */,
				8786C5C71DDE8FB800F9DCE6 /* 28.gif */,
				8786C5C81DDE8FB800F9DCE6 /* 29.gif */,
				8786C5C91DDE8FB800F9DCE6 /* 3.gif */,
				8786C5CA1DDE8FB800F9DCE6 /* 30.gif */,
				8786C5CB1DDE8FB800F9DCE6 /* 31.gif */,
				8786C5CC1DDE8FB800F9DCE6 /* 32.gif */,
				8786C5CD1DDE8FB800F9DCE6 /* 33.gif */,
				8786C5CE1DDE8FB800F9DCE6 /* 34.gif */,
				8786C5CF1DDE8FB800F9DCE6 /* 35.gif */,
				8786C5D01DDE8FB800F9DCE6 /* 36.gif */,
				8786C5D11DDE8FB800F9DCE6 /* 37.gif */,
				8786C5D21DDE8FB800F9DCE6 /* 38.gif */,
				8786C5D31DDE8FB800F9DCE6 /* 39.gif */,
				8786C5D41DDE8FB800F9DCE6 /* 4.gif */,
				8786C5D51DDE8FB800F9DCE6 /* 40.gif */,
				8786C5D61DDE8FB800F9DCE6 /* 41.gif */,
				8786C5D71DDE8FB800F9DCE6 /* 42.gif */,
				8786C5D81DDE8FB800F9DCE6 /* 43.gif */,
				8786C5D91DDE8FB800F9DCE6 /* 44.gif */,
				8786C5DA1DDE8FB800F9DCE6 /* 45.gif */,
				8786C5DB1DDE8FB800F9DCE6 /* 5.gif */,
				8786C5DC1DDE8FB800F9DCE6 /* 6.gif */,
				8786C5DD1DDE8FB800F9DCE6 /* 7.gif */,
				8786C5DE1DDE8FB800F9DCE6 /* 8.gif */,
				8786C5DF1DDE8FB800F9DCE6 /* 9.gif */,
			);
			path = animation;
			sourceTree = "<group>";
		};
		879800711DD4D29300AC24A1 = {
			isa = PBXGroup;
			children = (
				878E90191DD57574002222C0 /* Media.xcassets */,
				879800831DD4D29300AC24A1 /* QuickNas */,
				879800A11DD4D29300AC24A1 /* QuickNasTests */,
				8798007C1DD4D29300AC24A1 /* Frameworks */,
				8798007B1DD4D29300AC24A1 /* Products */,
			);
			sourceTree = "<group>";
		};
		8798007B1DD4D29300AC24A1 /* Products */ = {
			isa = PBXGroup;
			children = (
				8798007A1DD4D29300AC24A1 /* QuickNas.app */,
				8798009B1DD4D29300AC24A1 /* QuickNasTests.xctest */,
			);
			name = Products;
			sourceTree = "<group>";
		};
		8798007C1DD4D29300AC24A1 /* Frameworks */ = {
			isa = PBXGroup;
			children = (
				8798007D1DD4D29300AC24A1 /* Cocoa.framework */,
				8798009C1DD4D29300AC24A1 /* XCTest.framework */,
				8798007F1DD4D29300AC24A1 /* Other Frameworks */,
			);
			name = Frameworks;
			sourceTree = "<group>";
		};
		8798007F1DD4D29300AC24A1 /* Other Frameworks */ = {
			isa = PBXGroup;
			children = (
				879800801DD4D29300AC24A1 /* AppKit.framework */,
				879800811DD4D29300AC24A1 /* CoreData.framework */,
				879800821DD4D29300AC24A1 /* Foundation.framework */,
			);
			name = "Other Frameworks";
			sourceTree = "<group>";
		};
		879800831DD4D29300AC24A1 /* QuickNas */ = {
			isa = PBXGroup;
			children = (
				8786C5B11DDE8FB800F9DCE6 /* animation */,
				878E90171DD574B5002222C0 /* nas-16.png */,
				879800951DD4D29300AC24A1 /* Images.xcassets */,
				872485F61DD4FA100008BCDA /* WindowControllers */,
				879800B71DD4D95200AC24A1 /* Classes */,
				879800841DD4D29300AC24A1 /* Supporting Files */,
			);
			path = QuickNas;
			sourceTree = "<group>";
		};
		879800841DD4D29300AC24A1 /* Supporting Files */ = {
			isa = PBXGroup;
			children = (
				879800851DD4D29300AC24A1 /* QuickNas-Info.plist */,
				879800861DD4D29300AC24A1 /* InfoPlist.strings */,
				879800891DD4D29300AC24A1 /* main.m */,
				8798008B1DD4D29300AC24A1 /* QuickNas-Prefix.pch */,
				8798008C1DD4D29300AC24A1 /* Credits.rtf */,
			);
			name = "Supporting Files";
			sourceTree = "<group>";
		};
		879800A11DD4D29300AC24A1 /* QuickNasTests */ = {
			isa = PBXGroup;
			children = (
				879800A71DD4D29300AC24A1 /* QuickNasTests.m */,
				879800A21DD4D29300AC24A1 /* Supporting Files */,
			);
			path = QuickNasTests;
			sourceTree = "<group>";
		};
		879800A21DD4D29300AC24A1 /* Supporting Files */ = {
			isa = PBXGroup;
			children = (
				879800A31DD4D29300AC24A1 /* QuickNasTests-Info.plist */,
				879800A41DD4D29300AC24A1 /* InfoPlist.strings */,
			);
			name = "Supporting Files";
			sourceTree = "<group>";
		};
		879800B71DD4D95200AC24A1 /* Classes */ = {
			isa = PBXGroup;
			children = (
				879800B81DD4D97400AC24A1 /* Server.h */,
				879800B91DD4D97400AC24A1 /* Server.m */,
				879800BB1DD4D99A00AC24A1 /* ServerManager.h */,
				879800BC1DD4D99A00AC24A1 /* ServerManager.m */,
				878E900D1DD56016002222C0 /* GSStartup.h */,
				878E900E1DD56016002222C0 /* GSStartup.m */,
			);
			name = Classes;
			sourceTree = "<group>";
		};
/* End PBXGroup section */

/* Begin PBXNativeTarget section */
		879800791DD4D29300AC24A1 /* QuickNas */ = {
			isa = PBXNativeTarget;
			buildConfigurationList = 879800AB1DD4D29300AC24A1 /* Build configuration list for PBXNativeTarget "QuickNas" */;
			buildPhases = (
				879800761DD4D29300AC24A1 /* Sources */,
				879800771DD4D29300AC24A1 /* Frameworks */,
				879800781DD4D29300AC24A1 /* Resources */,
			);
			buildRules = (
			);
			dependencies = (
			);
			name = QuickNas;
			productName = QuickNas;
			productReference = 8798007A1DD4D29300AC24A1 /* QuickNas.app */;
			productType = "com.apple.product-type.application";
		};
		8798009A1DD4D29300AC24A1 /* QuickNasTests */ = {
			isa = PBXNativeTarget;
			buildConfigurationList = 879800AE1DD4D29300AC24A1 /* Build configuration list for PBXNativeTarget "QuickNasTests" */;
			buildPhases = (
				879800971DD4D29300AC24A1 /* Sources */,
				879800981DD4D29300AC24A1 /* Frameworks */,
				879800991DD4D29300AC24A1 /* Resources */,
			);
			buildRules = (
			);
			dependencies = (
				879800A01DD4D29300AC24A1 /* PBXTargetDependency */,
			);
			name = QuickNasTests;
			productName = QuickNasTests;
			productReference = 8798009B1DD4D29300AC24A1 /* QuickNasTests.xctest */;
			productType = "com.apple.product-type.bundle.unit-test";
		};
/* End PBXNativeTarget section */

/* Begin PBXProject section */
		879800721DD4D29300AC24A1 /* Project object */ = {
			isa = PBXProject;
			attributes = {
				LastUpgradeCheck = 0510;
				ORGANIZATIONNAME = "dosdude1 Apps";
				TargetAttributes = {
					8798009A1DD4D29300AC24A1 = {
						TestTargetID = 879800791DD4D29300AC24A1;
					};
				};
			};
			buildConfigurationList = 879800751DD4D29300AC24A1 /* Build configuration list for PBXProject "QuickNas" */;
			compatibilityVersion = "Xcode 3.2";
			developmentRegion = English;
			hasScannedForEncodings = 0;
			knownRegions = (
				en,
				Base,
			);
			mainGroup = 879800711DD4D29300AC24A1;
			productRefGroup = 8798007B1DD4D29300AC24A1 /* Products */;
			projectDirPath = "";
			projectRoot = "";
			targets = (
				879800791DD4D29300AC24A1 /* QuickNas */,
				8798009A1DD4D29300AC24A1 /* QuickNasTests */,
			);
		};
/* End PBXProject section */

/* Begin PBXResourcesBuildPhase section */
		879800781DD4D29300AC24A1 /* Resources */ = {
			isa = PBXResourcesBuildPhase;
			buildActionMask = 2147483647;
			files = (
				8786C5E51DDE8FB800F9DCE6 /* 13.gif in Resources */,
				8786C5E81DDE8FB800F9DCE6 /* 16.gif in Resources */,
				8786C5ED1DDE8FB800F9DCE6 /* 20.gif in Resources */,
				8786C60B1DDE8FB800F9DCE6 /* 7.gif in Resources */,
				8786C60A1DDE8FB800F9DCE6 /* 6.gif in Resources */,
				8786C5FE1DDE8FB800F9DCE6 /* 36.gif in Resources */,
				8786C5E31DDE8FB800F9DCE6 /* 11.gif in Resources */,
				8786C6001DDE8FB800F9DCE6 /* 38.gif in Resources */,
				879800881DD4D29300AC24A1 /* InfoPlist.strings in Resources */,
				8786C5F61DDE8FB800F9DCE6 /* 29.gif in Resources */,
				8786C5EB1DDE8FB800F9DCE6 /* 19.gif in Resources */,
				8786C5E01DDE8FB800F9DCE6 /* 0.gif in Resources */,
				878E901A1DD57575002222C0 /* Media.xcassets in Resources */,
				8786C5E71DDE8FB800F9DCE6 /* 15.gif in Resources */,
				8786C5E61DDE8FB800F9DCE6 /* 14.gif in Resources */,
				8786C5F11DDE8FB800F9DCE6 /* 24.gif in Resources */,
				8786C60D1DDE8FB800F9DCE6 /* 9.gif in Resources */,
				8786C5EF1DDE8FB800F9DCE6 /* 22.gif in Resources */,
				8786C5F81DDE8FB800F9DCE6 /* 30.gif in Resources */,
				879800961DD4D29300AC24A1 /* Images.xcassets in Resources */,
				8786C6061DDE8FB800F9DCE6 /* 43.gif in Resources */,
				8786C5F21DDE8FB800F9DCE6 /* 25.gif in Resources */,
				8786C60C1DDE8FB800F9DCE6 /* 8.gif in Resources */,
				8786C5E41DDE8FB800F9DCE6 /* 12.gif in Resources */,
				8786C6041DDE8FB800F9DCE6 /* 41.gif in Resources */,
				8786C5EC1DDE8FB800F9DCE6 /* 2.gif in Resources */,
				8786C5F71DDE8FB800F9DCE6 /* 3.gif in Resources */,
				8798008E1DD4D29300AC24A1 /* Credits.rtf in Resources */,
				8786C5FB1DDE8FB800F9DCE6 /* 33.gif in Resources */,
				8786C6031DDE8FB800F9DCE6 /* 40.gif in Resources */,
				8786C5F91DDE8FB800F9DCE6 /* 31.gif in Resources */,
				8786C5F51DDE8FB800F9DCE6 /* 28.gif in Resources */,
				8786C6071DDE8FB800F9DCE6 /* 44.gif in Resources */,
				8786C5E21DDE8FB800F9DCE6 /* 10.gif in Resources */,
				872485FB1DD4FAB20008BCDA /* ServerManagerWindow.xib in Resources */,
				8786C6021DDE8FB800F9DCE6 /* 4.gif in Resources */,
				8786C6011DDE8FB800F9DCE6 /* 39.gif in Resources */,
				8786C5FF1DDE8FB800F9DCE6 /* 37.gif in Resources */,
				8786C5E91DDE8FB800F9DCE6 /* 17.gif in Resources */,
				8786C6081DDE8FB800F9DCE6 /* 45.gif in Resources */,
				8786C5E11DDE8FB800F9DCE6 /* 1.gif in Resources */,
				8786C5FD1DDE8FB800F9DCE6 /* 35.gif in Resources */,
				8786C6051DDE8FB800F9DCE6 /* 42.gif in Resources */,
				878E90181DD574B5002222C0 /* nas-16.png in Resources */,
				8786C5FA1DDE8FB800F9DCE6 /* 32.gif in Resources */,
				8786C5FC1DDE8FB800F9DCE6 /* 34.gif in Resources */,
				879800941DD4D29300AC24A1 /* MainMenu.xib in Resources */,
				8786C5F41DDE8FB800F9DCE6 /* 27.gif in Resources */,
				8786C6091DDE8FB800F9DCE6 /* 5.gif in Resources */,
				8786C5F31DDE8FB800F9DCE6 /* 26.gif in Resources */,
				8786C5EA1DDE8FB800F9DCE6 /* 18.gif in Resources */,
				8786C5EE1DDE8FB800F9DCE6 /* 21.gif in Resources */,
				8786C5F01DDE8FB800F9DCE6 /* 23.gif in Resources */,
			);
			runOnlyForDeploymentPostprocessing = 0;
		};
		879800991DD4D29300AC24A1 /* Resources */ = {
			isa = PBXResourcesBuildPhase;
			buildActionMask = 2147483647;
			files = (
				879800A61DD4D29300AC24A1 /* InfoPlist.strings in Resources */,
			);
			runOnlyForDeploymentPostprocessing = 0;
		};
/* End PBXResourcesBuildPhase section */

/* Begin PBXSourcesBuildPhase section */
		879800761DD4D29300AC24A1 /* Sources */ = {
			isa = PBXSourcesBuildPhase;
			buildActionMask = 2147483647;
			files = (
				879800BD1DD4D99A00AC24A1 /* ServerManager.m in Sources */,
				879800911DD4D29300AC24A1 /* AppDelegate.m in Sources */,
				879800BA1DD4D97500AC24A1 /* Server.m in Sources */,
				878E900F1DD56016002222C0 /* GSStartup.m in Sources */,
				872485FA1DD4FAB20008BCDA /* ServerManagerWindow.m in Sources */,
				8798008A1DD4D29300AC24A1 /* main.m in Sources */,
			);
			runOnlyForDeploymentPostprocessing = 0;
		};
		879800971DD4D29300AC24A1 /* Sources */ = {
			isa = PBXSourcesBuildPhase;
			buildActionMask = 2147483647;
			files = (
				879800A81DD4D29300AC24A1 /* QuickNasTests.m in Sources */,
			);
			runOnlyForDeploymentPostprocessing = 0;
		};
/* End PBXSourcesBuildPhase section */

/* Begin PBXTargetDependency section */
		879800A01DD4D29300AC24A1 /* PBXTargetDependency */ = {
			isa = PBXTargetDependency;
			target = 879800791DD4D29300AC24A1 /* QuickNas */;
			targetProxy = 8798009F1DD4D29300AC24A1 /* PBXContainerItemProxy */;
		};
/* End PBXTargetDependency section */

/* Begin PBXVariantGroup section */
		879800861DD4D29300AC24A1 /* InfoPlist.strings */ = {
			isa = PBXVariantGroup;
			children = (
				879800871DD4D29300AC24A1 /* en */,
			);
			name = InfoPlist.strings;
			sourceTree = "<group>";
		};
		8798008C1DD4D29300AC24A1 /* Credits.rtf */ = {
			isa = PBXVariantGroup;
			children = (
				8798008D1DD4D29300AC24A1 /* en */,
			);
			name = Credits.rtf;
			sourceTree = "<group>";
		};
		879800921DD4D29300AC24A1 /* MainMenu.xib */ = {
			isa = PBXVariantGroup;
			children = (
				879800931DD4D29300AC24A1 /* Base */,
			);
			name = MainMenu.xib;
			sourceTree = "<group>";
		};
		879800A41DD4D29300AC24A1 /* InfoPlist.strings */ = {
			isa = PBXVariantGroup;
			children = (
				879800A51DD4D29300AC24A1 /* en */,
			);
			name = InfoPlist.strings;
			sourceTree = "<group>";
		};
/* End PBXVariantGroup section */

/* Begin XCBuildConfiguration section */
		879800A91DD4D29300AC24A1 /* Debug */ = {
			isa = XCBuildConfiguration;
			buildSettings = {
				ALWAYS_SEARCH_USER_PATHS = NO;
				CLANG_CXX_LANGUAGE_STANDARD = "gnu++0x";
				CLANG_CXX_LIBRARY = "libc++";
				CLANG_ENABLE_MODULES = YES;
				CLANG_ENABLE_OBJC_ARC = YES;
				CLANG_WARN_BOOL_CONVERSION = YES;
				CLANG_WARN_CONSTANT_CONVERSION = YES;
				CLANG_WARN_DIRECT_OBJC_ISA_USAGE = YES_ERROR;
				CLANG_WARN_EMPTY_BODY = YES;
				CLANG_WARN_ENUM_CONVERSION = YES;
				CLANG_WARN_INT_CONVERSION = YES;
				CLANG_WARN_OBJC_ROOT_CLASS = YES_ERROR;
				CLANG_WARN__DUPLICATE_METHOD_MATCH = YES;
				COPY_PHASE_STRIP = NO;
				GCC_C_LANGUAGE_STANDARD = gnu99;
				GCC_DYNAMIC_NO_PIC = NO;
				GCC_ENABLE_OBJC_EXCEPTIONS = YES;
				GCC_OPTIMIZATION_LEVEL = 0;
				GCC_PREPROCESSOR_DEFINITIONS = (
					"DEBUG=1",
					"$(inherited)",
				);
				GCC_SYMBOLS_PRIVATE_EXTERN = NO;
				GCC_WARN_64_TO_32_BIT_CONVERSION = YES;
				GCC_WARN_ABOUT_RETURN_TYPE = YES_ERROR;
				GCC_WARN_UNDECLARED_SELECTOR = YES;
				GCC_WARN_UNINITIALIZED_AUTOS = YES_AGGRESSIVE;
				GCC_WARN_UNUSED_FUNCTION = YES;
				GCC_WARN_UNUSED_VARIABLE = YES;
				MACOSX_DEPLOYMENT_TARGET = 10.9;
				ONLY_ACTIVE_ARCH = YES;
				SDKROOT = macosx;
			};
			name = Debug;
		};
		879800AA1DD4D29300AC24A1 /* Release */ = {
			isa = XCBuildConfiguration;
			buildSettings = {
				ALWAYS_SEARCH_USER_PATHS = NO;
				CLANG_CXX_LANGUAGE_STANDARD = "gnu++0x";
				CLANG_CXX_LIBRARY = "libc++";
				CLANG_ENABLE_MODULES = YES;
				CLANG_ENABLE_OBJC_ARC = YES;
				CLANG_WARN_BOOL_CONVERSION = YES;
				CLANG_WARN_CONSTANT_CONVERSION = YES;
				CLANG_WARN_DIRECT_OBJC_ISA_USAGE = YES_ERROR;
				CLANG_WARN_EMPTY_BODY = YES;
				CLANG_WARN_ENUM_CONVERSION = YES;
				CLANG_WARN_INT_CONVERSION = YES;
				CLANG_WARN_OBJC_ROOT_CLASS = YES_ERROR;
				CLANG_WARN__DUPLICATE_METHOD_MATCH = YES;
				COPY_PHASE_STRIP = YES;
				DEBUG_INFORMATION_FORMAT = "dwarf-with-dsym";
				ENABLE_NS_ASSERTIONS = NO;
				GCC_C_LANGUAGE_STANDARD = gnu99;
				GCC_ENABLE_OBJC_EXCEPTIONS = YES;
				GCC_WARN_64_TO_32_BIT_CONVERSION = YES;
				GCC_WARN_ABOUT_RETURN_TYPE = YES_ERROR;
				GCC_WARN_UNDECLARED_SELECTOR = YES;
				GCC_WARN_UNINITIALIZED_AUTOS = YES_AGGRESSIVE;
				GCC_WARN_UNUSED_FUNCTION = YES;
				GCC_WARN_UNUSED_VARIABLE = YES;
				MACOSX_DEPLOYMENT_TARGET = 10.9;
				SDKROOT = macosx;
			};
			name = Release;
		};
		879800AC1DD4D29300AC24A1 /* Debug */ = {
			isa = XCBuildConfiguration;
			buildSettings = {
				ASSETCATALOG_COMPILER_APPICON_NAME = AppIcon;
				COMBINE_HIDPI_IMAGES = YES;
				GCC_PRECOMPILE_PREFIX_HEADER = YES;
				GCC_PREFIX_HEADER = "QuickNas/QuickNas-Prefix.pch";
				INFOPLIST_FILE = "QuickNas/QuickNas-Info.plist";
				MACOSX_DEPLOYMENT_TARGET = 10.8;
				PRODUCT_NAME = "$(TARGET_NAME)";
				WRAPPER_EXTENSION = app;
			};
			name = Debug;
		};
		879800AD1DD4D29300AC24A1 /* Release */ = {
			isa = XCBuildConfiguration;
			buildSettings = {
				ASSETCATALOG_COMPILER_APPICON_NAME = AppIcon;
				COMBINE_HIDPI_IMAGES = YES;
				GCC_PRECOMPILE_PREFIX_HEADER = YES;
				GCC_PREFIX_HEADER = "QuickNas/QuickNas-Prefix.pch";
				INFOPLIST_FILE = "QuickNas/QuickNas-Info.plist";
				MACOSX_DEPLOYMENT_TARGET = 10.8;
				PRODUCT_NAME = "$(TARGET_NAME)";
				WRAPPER_EXTENSION = app;
			};
			name = Release;
		};
		879800AF1DD4D29300AC24A1 /* Debug */ = {
			isa = XCBuildConfiguration;
			buildSettings = {
				BUNDLE_LOADER = "$(BUILT_PRODUCTS_DIR)/QuickNas.app/Contents/MacOS/QuickNas";
				COMBINE_HIDPI_IMAGES = YES;
				FRAMEWORK_SEARCH_PATHS = (
					"$(DEVELOPER_FRAMEWORKS_DIR)",
					"$(inherited)",
				);
				GCC_PRECOMPILE_PREFIX_HEADER = YES;
				GCC_PREFIX_HEADER = "QuickNas/QuickNas-Prefix.pch";
				GCC_PREPROCESSOR_DEFINITIONS = (
					"DEBUG=1",
					"$(inherited)",
				);
				INFOPLIST_FILE = "QuickNasTests/QuickNasTests-Info.plist";
				PRODUCT_NAME = "$(TARGET_NAME)";
				TEST_HOST = "$(BUNDLE_LOADER)";
				WRAPPER_EXTENSION = xctest;
			};
			name = Debug;
		};
		879800B01DD4D29300AC24A1 /* Release */ = {
			isa = XCBuildConfiguration;
			buildSettings = {
				BUNDLE_LOADER = "$(BUILT_PRODUCTS_DIR)/QuickNas.app/Contents/MacOS/QuickNas";
				COMBINE_HIDPI_IMAGES = YES;
				FRAMEWORK_SEARCH_PATHS = (
					"$(DEVELOPER_FRAMEWORKS_DIR)",
					"$(inherited)",
				);
				GCC_PRECOMPILE_PREFIX_HEADER = YES;
				GCC_PREFIX_HEADER = "QuickNas/QuickNas-Prefix.pch";
				INFOPLIST_FILE = "QuickNasTests/QuickNasTests-Info.plist";
				PRODUCT_NAME = "$(TARGET_NAME)";
				TEST_HOST = "$(BUNDLE_LOADER)";
				WRAPPER_EXTENSION = xctest;
			};
			name = Release;
		};
/* End XCBuildConfiguration section */

/* Begin XCConfigurationList section */
		879800751DD4D29300AC24A1 /* Build configuration list for PBXProject "QuickNas" */ = {
			isa = XCConfigurationList;
			buildConfigurations = (
				879800A91DD4D29300AC24A1 /* Debug */,
				879800AA1DD4D29300AC24A1 /* Release */,
			);
			defaultConfigurationIsVisible = 0;
			defaultConfigurationName = Release;
		};
		879800AB1DD4D29300AC24A1 /* Build configuration list for PBXNativeTarget "QuickNas" */ = {
			isa = XCConfigurationList;
			buildConfigurations = (
				879800AC1DD4D29300AC24A1 /* Debug */,
				879800AD1DD4D29300AC24A1 /* Release */,
			);
			defaultConfigurationIsVisible = 0;
			defaultConfigurationName = Release;
		};
		879800AE1DD4D29300AC24A1 /* Build configuration list for PBXNativeTarget "QuickNasTests" */ = {
			isa = XCConfigurationList;
			buildConfigurations = (
				879800AF1DD4D29300AC24A1 /* Debug */,
				879800B01DD4D29300AC24A1 /* Release */,
			);
			defaultConfigurationIsVisible = 0;
			defaultConfigurationName = Release;
		};
/* End XCConfigurationList section */
	};
	rootObject = 879800721DD4D29300AC24A1 /* Project object */;
}
